
Microsoft Visual Studio Solution File, Format Version 10.00
# Visual Studio 2008
Project("{8BC9CEB8-8B4A-11D0-8D11-00A0C91BC942}") = "ssumeshc", "ssumeshc.vcproj", "{3343BD03-0738-4D55-8FBA-206D6309793F}"
EndProject
Global
	GlobalSection(SolutionConfigurationPlatforms) = preSolution
		Debug|Win32 = Debug|Win32
		Release|Win32 = Release|Win32
	EndGlobalSection
	GlobalSection(ProjectConfigurationPlatforms) = postSolution
		{3343BD03-0738-4D55-8FBA-206D6309793F}.Debug|Win32.ActiveCfg = Debug|Win32
		{3343BD03-0738-4D55-8FBA-206D6309793F}.Debug|Win32.Build.0 = Debug|Win32
		{3343BD03-0738-4D55-8FBA-206D6309793F}.Release|Win32.ActiveCfg = Release|Win32
		{3343BD03-0738-4D55-8FBA-206D6309793F}.Release|Win32.Build.0 = Release|Win32
	EndGlobalSection
	GlobalSection(SolutionProperties) = preSolution
		HideSolutionNode = FALSE
	EndGlobalSection
EndGlobal
