<?xml version="1.0" encoding="utf-8"?>
<Project ToolsVersion="4.0" xmlns="http://schemas.microsoft.com/developer/msbuild/2003">
  <ItemGroup>
    <Filter Include="Source Files">
      <UniqueIdentifier>{6f6f4a1c-95cc-49c1-9c48-b100b9172bab}</UniqueIdentifier>
      <Extensions>cpp;c;cxx;rc;def;r;odl;idl;hpj;bat</Extensions>
    </Filter>
    <Filter Include="Header Files">
      <UniqueIdentifier>{d2cdb3d7-0c27-48a8-a20d-001a30aa61d2}</UniqueIdentifier>
      <Extensions>h;hpp;hxx;hm;inl</Extensions>
    </Filter>
    <Filter Include="Resource Files">
      <UniqueIdentifier>{a33717f9-8ad2-4ae7-a6f4-6e0ff1951d4f}</UniqueIdentifier>
      <Extensions>ico;cur;bmp;dlg;rc2;rct;bin;rgs;gif;jpg;jpeg;jpe</Extensions>
    </Filter>
  </ItemGroup>
  <ItemGroup>
    <ClCompile Include="Crawler\Crawler.cpp">
      <Filter>Source Files</Filter>
    </ClCompile>
    <ClCompile Include="Crawler\CrawlerBarGauge.cpp">
      <Filter>Source Files</Filter>
    </ClCompile>
    <ClCompile Include="Crawler\CrawlerCenterPanel.cpp">
      <Filter>Source Files</Filter>
    </ClCompile>
    <ClCompile Include="Crawler\CrawlerDigitalDisplay.cpp">
      <Filter>Source Files</Filter>
    </ClCompile>
    <ClCompile Include="Crawler\CrawlerEngine.cpp">
      <Filter>Source Files</Filter>
    </ClCompile>
    <ClCompile Include="Crawler\CrawlerLeftPanel.cpp">
      <Filter>Source Files</Filter>
    </ClCompile>
    <ClCompile Include="Crawler\CrawlerPanelLight.cpp">
      <Filter>Source Files</Filter>
    </ClCompile>
    <ClCompile Include="Crawler\CrawlerPBI.cpp">
      <Filter>Source Files</Filter>
    </ClCompile>
    <ClCompile Include="Crawler\CrawlerRightPanel.cpp">
      <Filter>Source Files</Filter>
    </ClCompile>
    <ClCompile Include="Crawler\Define1980StrutAnimations.cpp">
      <Filter>Source Files</Filter>
    </ClCompile>
    <ClCompile Include="Crawler\DefineStrutAnimations.cpp">
      <Filter>Source Files</Filter>
    </ClCompile>
    <ClCompile Include="..\libUltra\src\DiscInPort.cpp">
      <Filter>Source Files</Filter>
    </ClCompile>
    <ClCompile Include="..\libUltra\src\DiscOutPort.cpp">
      <Filter>Source Files</Filter>
    </ClCompile>
    <ClCompile Include="..\libUltra\src\DiscreteBundle.cpp">
      <Filter>Source Files</Filter>
    </ClCompile>
    <ClCompile Include="..\libUltra\src\DiscreteBundleManager.cpp">
      <Filter>Source Files</Filter>
    </ClCompile>
    <ClCompile Include="..\libUltra\src\DiscretePort.cpp">
      <Filter>Source Files</Filter>
    </ClCompile>
    <ClCompile Include="Crawler\LDSPanel.cpp">
      <Filter>Source Files</Filter>
    </ClCompile>
  </ItemGroup>
  <ItemGroup>
    <ResourceCompile Include="Crawler.rc">
      <Filter>Source Files</Filter>
    </ResourceCompile>
  </ItemGroup>
  <ItemGroup>
    <ClInclude Include="..\libUltra\include\BasicPanel.h">
      <Filter>Header Files</Filter>
    </ClInclude>
    <ClInclude Include="..\libUltra\include\BasicVCComponent.h">
      <Filter>Header Files</Filter>
    </ClInclude>
    <ClInclude Include="Crawler\Crawler.h">
      <Filter>Header Files</Filter>
    </ClInclude>
    <ClInclude Include="Crawler\Crawler_vc_defs.h">
      <Filter>Header Files</Filter>
    </ClInclude>
    <ClInclude Include="Crawler\CrawlerBarGauge.h">
      <Filter>Header Files</Filter>
    </ClInclude>
    <ClInclude Include="Crawler\CrawlerCenterPanel.h">
      <Filter>Header Files</Filter>
    </ClInclude>
    <ClInclude Include="Crawler\CrawlerDigitalDisplay.h">
      <Filter>Header Files</Filter>
    </ClInclude>
    <ClInclude Include="Crawler\CrawlerEngine.h">
      <Filter>Header Files</Filter>
    </ClInclude>
    <ClInclude Include="Crawler\CrawlerLeftPanel.h">
      <Filter>Header Files</Filter>
    </ClInclude>
    <ClInclude Include="Crawler\CrawlerPanelLight.h">
      <Filter>Header Files</Filter>
    </ClInclude>
    <ClInclude Include="Crawler\CrawlerPBI.h">
      <Filter>Header Files</Filter>
    </ClInclude>
    <ClInclude Include="Crawler\CrawlerRightPanel.h">
      <Filter>Header Files</Filter>
    </ClInclude>
    <ClInclude Include="Crawler\meshres_crawler.h">
      <Filter>Header Files</Filter>
    </ClInclude>
    <ClInclude Include="Crawler\meshres_crawler_1980.h">
      <Filter>Header Files</Filter>
    </ClInclude>
    <ClInclude Include="Crawler\meshres_crawler_vc.h">
      <Filter>Header Files</Filter>
    </ClInclude>
    <ClInclude Include="Crawler\meshres_drivetruck.h">
      <Filter>Header Files</Filter>
    </ClInclude>
    <ClInclude Include="..\libUltra\include\PanelGroup.h">
      <Filter>Header Files</Filter>
    </ClInclude>
    <ClInclude Include="resource_Crawler.h">
      <Filter>Header Files</Filter>
    </ClInclude>
    <ClInclude Include="..\libUltra\include\Subsystem.h">
      <Filter>Header Files</Filter>
    </ClInclude>
    <ClInclude Include="..\libUltra\include\SubsystemDirector.h">
      <Filter>Header Files</Filter>
    </ClInclude>
    <ClInclude Include="Crawler\LDSPanel.h">
      <Filter>Header Files</Filter>
    </ClInclude>
  </ItemGroup>
  <ItemGroup>
    <None Include="Bitmaps\Crawler_digits.bmp">
      <Filter>Resource Files</Filter>
    </None>
    <None Include="Bitmaps\Crawler_lights.bmp">
      <Filter>Resource Files</Filter>
    </None>
    <None Include="Bitmaps\Crawler_PBI_labels.bmp">
      <Filter>Resource Files</Filter>
    </None>
  </ItemGroup>
</Project>