<?xml version="1.0" encoding="utf-8"?>
<Project ToolsVersion="4.0" xmlns="http://schemas.microsoft.com/developer/msbuild/2003">
  <ItemGroup>
    <ClCompile Include="Crawler\CrawlerBarGauge.cpp">
      <Filter>Source Files</Filter>
    </ClCompile>
    <ClCompile Include="Crawler\CrawlerCenterPanel.cpp">
      <Filter>Source Files</Filter>
    </ClCompile>
    <ClCompile Include="Crawler\CrawlerDigitalDisplay.cpp">
      <Filter>Source Files</Filter>
    </ClCompile>
    <ClCompile Include="Crawler\CrawlerEngine.cpp">
      <Filter>Source Files</Filter>
    </ClCompile>
    <ClCompile Include="Crawler\CrawlerLeftPanel.cpp">
      <Filter>Source Files</Filter>
    </ClCompile>
    <ClCompile Include="Crawler\CrawlerPanelLight.cpp">
      <Filter>Source Files</Filter>
    </ClCompile>
    <ClCompile Include="Crawler\CrawlerPBI.cpp">
      <Filter>Source Files</Filter>
    </ClCompile>
    <ClCompile Include="Crawler\CrawlerRightPanel.cpp">
      <Filter>Source Files</Filter>
    </ClCompile>
    <ClCompile Include="Crawler\Define1980StrutAnimations.cpp">
      <Filter>Source Files</Filter>
    </ClCompile>
    <ClCompile Include="Crawler\DefineStrutAnimations.cpp">
      <Filter>Source Files</Filter>
    </ClCompile>
    <ClCompile Include="Crawler\LDSPanel.cpp">
      <Filter>Source Files</Filter>
    </ClCompile>
    <ClCompile Include="Crawler\Crawler.cpp">
      <Filter>Source Files</Filter>
    </ClCompile>
  </ItemGroup>
  <ItemGroup>
    <ClInclude Include="resource_Crawler.h">
      <Filter>Header Files</Filter>
    </ClInclude>
    <ClInclude Include="Crawler\meshres_drivetruck.h">
      <Filter>Header Files</Filter>
    </ClInclude>
    <ClInclude Include="Crawler\meshres_crawler_vc.h">
      <Filter>Header Files</Filter>
    </ClInclude>
    <ClInclude Include="Crawler\meshres_crawler_1980.h">
      <Filter>Header Files</Filter>
    </ClInclude>
    <ClInclude Include="Crawler\meshres_crawler.h">
      <Filter>Header Files</Filter>
    </ClInclude>
    <ClInclude Include="Crawler\LDSPanel.h">
      <Filter>Header Files</Filter>
    </ClInclude>
    <ClInclude Include="Crawler\CrawlerLeftPanel.h">
      <Filter>Header Files</Filter>
    </ClInclude>
    <ClInclude Include="Crawler\CrawlerEngine.h">
      <Filter>Header Files</Filter>
    </ClInclude>
    <ClInclude Include="Crawler\CrawlerDigitalDisplay.h">
      <Filter>Header Files</Filter>
    </ClInclude>
    <ClInclude Include="Crawler\CrawlerCenterPanel.h">
      <Filter>Header Files</Filter>
    </ClInclude>
    <ClInclude Include="Crawler\CrawlerPanelLight.h">
      <Filter>Header Files</Filter>
    </ClInclude>
    <ClInclude Include="Crawler\CrawlerPBI.h">
      <Filter>Header Files</Filter>
    </ClInclude>
    <ClInclude Include="Crawler\CrawlerRightPanel.h">
      <Filter>Header Files</Filter>
    </ClInclude>
    <ClInclude Include="Crawler\CrawlerBarGauge.h">
      <Filter>Header Files</Filter>
    </ClInclude>
    <ClInclude Include="Crawler\Crawler_vc_defs.h">
      <Filter>Header Files</Filter>
    </ClInclude>
    <ClInclude Include="Crawler\Crawler.h">
      <Filter>Header Files</Filter>
    </ClInclude>
  </ItemGroup>
  <ItemGroup>
    <ResourceCompile Include="Crawler.rc" />
  </ItemGroup>
  <ItemGroup>
    <None Include="Bitmaps\Crawler_digits.bmp" />
    <None Include="Bitmaps\Crawler_lights.bmp" />
    <None Include="Bitmaps\Crawler_PBI_labels.bmp" />
  </ItemGroup>
  <ItemGroup>
    <Filter Include="Header Files">
      <UniqueIdentifier>{44ff3cc8-fc0c-4de1-8e61-73ff48872527}</UniqueIdentifier>
    </Filter>
    <Filter Include="Source Files">
      <UniqueIdentifier>{4bc6e90e-83a2-43a0-b7a5-52dff403e454}</UniqueIdentifier>
    </Filter>
  </ItemGroup>
</Project>