<?xml version="1.0" encoding="utf-8"?>
<Project ToolsVersion="4.0" xmlns="http://schemas.microsoft.com/developer/msbuild/2003">
  <ItemGroup>
    <Filter Include="Source Files">
      <UniqueIdentifier>{4FC737F1-C7A5-4376-A066-2A32D752A2FF}</UniqueIdentifier>
      <Extensions>cpp;c;cc;cxx;def;odl;idl;hpj;bat;asm;asmx</Extensions>
    </Filter>
    <Filter Include="Header Files">
      <UniqueIdentifier>{93995380-89BD-4b04-88EB-625FBE52EBFB}</UniqueIdentifier>
      <Extensions>h;hpp;hxx;hm;inl;inc;xsd</Extensions>
    </Filter>
    <Filter Include="Resource Files">
      <UniqueIdentifier>{67DA6AB6-F800-4c08-8B7A-83BB121AAD01}</UniqueIdentifier>
      <Extensions>rc;ico;cur;bmp;dlg;rc2;rct;bin;rgs;gif;jpg;jpeg;jpe;resx;tiff;tif;png;wav</Extensions>
    </Filter>
  </ItemGroup>
  <ItemGroup>
    <ClCompile Include="src\BasicValve.cpp">
      <Filter>Source Files</Filter>
    </ClCompile>
    <ClCompile Include="src\BIU.cpp">
      <Filter>Source Files</Filter>
    </ClCompile>
    <ClCompile Include="src\BusController.cpp">
      <Filter>Source Files</Filter>
    </ClCompile>
    <ClCompile Include="src\BusTerminal.cpp">
      <Filter>Source Files</Filter>
    </ClCompile>
    <ClCompile Include="src\DiscInPort.cpp">
      <Filter>Source Files</Filter>
    </ClCompile>
    <ClCompile Include="src\DiscOutPort.cpp">
      <Filter>Source Files</Filter>
    </ClCompile>
    <ClCompile Include="src\DiscreteBundle.cpp">
      <Filter>Source Files</Filter>
    </ClCompile>
    <ClCompile Include="src\DiscreteBundleManager.cpp">
      <Filter>Source Files</Filter>
    </ClCompile>
    <ClCompile Include="src\DiscretePort.cpp">
      <Filter>Source Files</Filter>
    </ClCompile>
    <ClCompile Include="src\ShuttleBus.cpp">
      <Filter>Source Files</Filter>
    </ClCompile>
    <ClCompile Include="src\UltraMath.cpp">
      <Filter>Source Files</Filter>
    </ClCompile>
    <ClCompile Include="src\ValveTypeBool.cpp">
      <Filter>Source Files</Filter>
    </ClCompile>
    <ClCompile Include="src\MMUTapeImage.cpp">
      <Filter>Source Files</Filter>
    </ClCompile>
    <ClCompile Include="KOST\kost_elements.cpp">
      <Filter>Source Files</Filter>
    </ClCompile>
    <ClCompile Include="KOST\kost_linalg.cpp">
      <Filter>Source Files</Filter>
    </ClCompile>
    <ClCompile Include="KOST\kost_math.cpp">
      <Filter>Source Files</Filter>
    </ClCompile>
    <ClCompile Include="KOST\kost_propagate.cpp">
      <Filter>Source Files</Filter>
    </ClCompile>
    <ClCompile Include="KOST\kost_shape.cpp">
      <Filter>Source Files</Filter>
    </ClCompile>
    <ClCompile Include="src\StateVectorPropagator.cpp">
      <Filter>Source Files</Filter>
    </ClCompile>
    <ClCompile Include="src\LambertBurnTargeting.cpp">
      <Filter>Source Files</Filter>
    </ClCompile>
    <ClCompile Include="src\AerodynamicLookupTables.cpp">
      <Filter>Source Files</Filter>
    </ClCompile>
    <ClCompile Include="src\PEG4Targeting.cpp">
      <Filter>Source Files</Filter>
    </ClCompile>
  </ItemGroup>
  <ItemGroup>
    <ClInclude Include="include\BIU.h">
      <Filter>Header Files</Filter>
    </ClInclude>
    <ClInclude Include="include\DiscInPort.h">
      <Filter>Header Files</Filter>
    </ClInclude>
    <ClInclude Include="include\DiscOutPort.h">
      <Filter>Header Files</Filter>
    </ClInclude>
    <ClInclude Include="include\DiscreteBundle.h">
      <Filter>Header Files</Filter>
    </ClInclude>
    <ClInclude Include="include\DiscreteBundleManager.h">
      <Filter>Header Files</Filter>
    </ClInclude>
    <ClInclude Include="include\DiscretePort.h">
      <Filter>Header Files</Filter>
    </ClInclude>
    <ClInclude Include="include\discsignals.h">
      <Filter>Header Files</Filter>
    </ClInclude>
    <ClInclude Include="include\EngConst.h">
      <Filter>Header Files</Filter>
    </ClInclude>
    <ClInclude Include="include\ISubsystem.h">
      <Filter>Header Files</Filter>
    </ClInclude>
    <ClInclude Include="include\PanelGroup.h">
      <Filter>Header Files</Filter>
    </ClInclude>
    <ClInclude Include="include\ShuttleBus.h">
      <Filter>Header Files</Filter>
    </ClInclude>
    <ClInclude Include="include\Subsystem.h">
      <Filter>Header Files</Filter>
    </ClInclude>
    <ClInclude Include="include\SubsystemDirector.h">
      <Filter>Header Files</Filter>
    </ClInclude>
    <ClInclude Include="include\Ultra.h">
      <Filter>Header Files</Filter>
    </ClInclude>
    <ClInclude Include="include\UltraMath.h">
      <Filter>Header Files</Filter>
    </ClInclude>
    <ClInclude Include="include\ValveTypeBool.h">
      <Filter>Header Files</Filter>
    </ClInclude>
    <ClInclude Include="include\MMUTapeImage.h">
      <Filter>Header Files</Filter>
    </ClInclude>
    <ClInclude Include="include\BasicPanel.h">
      <Filter>Header Files</Filter>
    </ClInclude>
    <ClInclude Include="include\BasicVCComponent.h">
      <Filter>Header Files</Filter>
    </ClInclude>
    <ClInclude Include="KOST\kost.h">
      <Filter>Header Files</Filter>
    </ClInclude>
    <ClInclude Include="include\StateVectorPropagator.h">
      <Filter>Header Files</Filter>
    </ClInclude>
    <ClInclude Include="include\ISSULaunchTower.h">
      <Filter>Header Files</Filter>
    </ClInclude>
    <ClInclude Include="include\ISSUMLP.h">
      <Filter>Header Files</Filter>
    </ClInclude>
    <ClInclude Include="include\LambertBurnTargeting.h">
      <Filter>Header Files</Filter>
    </ClInclude>
    <ClInclude Include="include\AerodynamicLookupTables.h">
      <Filter>Header Files</Filter>
    </ClInclude>
    <ClInclude Include="include\PEG4Targeting.h">
      <Filter>Header Files</Filter>
    </ClInclude>
  </ItemGroup>
  <ItemGroup>
    <None Include="ReadMe.txt" />
  </ItemGroup>
</Project>